
Microsoft Visual Studio Solution File, Format Version 12.00
# Visual Studio 14
VisualStudioVersion = 14.0.25420.1
MinimumVisualStudioVersion = 10.0.40219.1
Project("{FAE04EC0-301F-11D3-BF4B-00C04F79EFBC}") = "Batonezas.WebApi", "Batonezas.WebApi\Batonezas.WebApi.csproj", "{9740DC22-4DCA-459D-AC3B-7303863831A8}"
EndProject
Project("{FAE04EC0-301F-11D3-BF4B-00C04F79EFBC}") = "Batonezas.DataAccess", "Batonezas.DataAccess\Batonezas.DataAccess.csproj", "{E9F33942-F954-43F4-A458-74A890E03B45}"
EndProject
Project("{FAE04EC0-301F-11D3-BF4B-00C04F79EFBC}") = "Batonezas.Database", "Batonezas.Database\Batonezas.Database.csproj", "{FF04F700-DCEE-4818-9AEC-16BAE290825C}"
EndProject
Project("{FAE04EC0-301F-11D3-BF4B-00C04F79EFBC}") = "Batonezas.Tests", "Batonezas.Tests\Batonezas.Tests.csproj", "{601A4956-8C16-49B1-866E-BFE142009F59}"
EndProject
Global
	GlobalSection(SolutionConfigurationPlatforms) = preSolution
		Debug|Any CPU = Debug|Any CPU
		Release|Any CPU = Release|Any CPU
	EndGlobalSection
	GlobalSection(ProjectConfigurationPlatforms) = postSolution
		{9740DC22-4DCA-459D-AC3B-7303863831A8}.Debug|Any CPU.ActiveCfg = Debug|Any CPU
		{9740DC22-4DCA-459D-AC3B-7303863831A8}.Debug|Any CPU.Build.0 = Debug|Any CPU
		{9740DC22-4DCA-459D-AC3B-7303863831A8}.Release|Any CPU.ActiveCfg = Release|Any CPU
		{9740DC22-4DCA-459D-AC3B-7303863831A8}.Release|Any CPU.Build.0 = Release|Any CPU
		{E9F33942-F954-43F4-A458-74A890E03B45}.Debug|Any CPU.ActiveCfg = Debug|Any CPU
		{E9F33942-F954-43F4-A458-74A890E03B45}.Debug|Any CPU.Build.0 = Debug|Any CPU
		{E9F33942-F954-43F4-A458-74A890E03B45}.Release|Any CPU.ActiveCfg = Release|Any CPU
		{E9F33942-F954-43F4-A458-74A890E03B45}.Release|Any CPU.Build.0 = Release|Any CPU
		{FF04F700-DCEE-4818-9AEC-16BAE290825C}.Debug|Any CPU.ActiveCfg = Debug|Any CPU
		{FF04F700-DCEE-4818-9AEC-16BAE290825C}.Debug|Any CPU.Build.0 = Debug|Any CPU
		{FF04F700-DCEE-4818-9AEC-16BAE290825C}.Release|Any CPU.ActiveCfg = Release|Any CPU
		{FF04F700-DCEE-4818-9AEC-16BAE290825C}.Release|Any CPU.Build.0 = Release|Any CPU
		{601A4956-8C16-49B1-866E-BFE142009F59}.Debug|Any CPU.ActiveCfg = Debug|Any CPU
		{601A4956-8C16-49B1-866E-BFE142009F59}.Debug|Any CPU.Build.0 = Debug|Any CPU
		{601A4956-8C16-49B1-866E-BFE142009F59}.Release|Any CPU.ActiveCfg = Release|Any CPU
		{601A4956-8C16-49B1-866E-BFE142009F59}.Release|Any CPU.Build.0 = Release|Any CPU
	EndGlobalSection
	GlobalSection(SolutionProperties) = preSolution
		HideSolutionNode = FALSE
	EndGlobalSection
EndGlobal
